
Microsoft Visual Studio Solution File, Format Version 12.00
# Visual Studio 15
VisualStudioVersion = 15.0.26730.12
MinimumVisualStudioVersion = 10.0.40219.1
Project("{FAE04EC0-301F-11D3-BF4B-00C04F79EFBC}") = "NoClutter-NetworkMonitorForXMLOnly", "NoClutter-NetworkMonitorForXMLOnly\NoClutter-NetworkMonitorForXMLOnly.csproj", "{B3B59BAD-39AA-4DB3-A4D4-91EBA101148C}"
EndProject
Global
	GlobalSection(SolutionConfigurationPlatforms) = preSolution
		Debug|Any CPU = Debug|Any CPU
		Release|Any CPU = Release|Any CPU
	EndGlobalSection
	GlobalSection(ProjectConfigurationPlatforms) = postSolution
		{B3B59BAD-39AA-4DB3-A4D4-91EBA101148C}.Debug|Any CPU.ActiveCfg = Debug|Any CPU
		{B3B59BAD-39AA-4DB3-A4D4-91EBA101148C}.Debug|Any CPU.Build.0 = Debug|Any CPU
		{B3B59BAD-39AA-4DB3-A4D4-91EBA101148C}.Release|Any CPU.ActiveCfg = Release|Any CPU
		{B3B59BAD-39AA-4DB3-A4D4-91EBA101148C}.Release|Any CPU.Build.0 = Release|Any CPU
	EndGlobalSection
	GlobalSection(SolutionProperties) = preSolution
		HideSolutionNode = FALSE
	EndGlobalSection
	GlobalSection(ExtensibilityGlobals) = postSolution
		SolutionGuid = {9FD58A37-BA7F-4303-99DA-F4E0FD79CDAA}
	EndGlobalSection
EndGlobal
